# generated by rye
# use `rye lock` or `rye sync` to update this lockfile
#
# last locked with the following flags:
#   pre: false
#   features: []
#   all-features: false
#   with-sources: false
#   generate-hashes: false
#   universal: false

-e file:.
altgraph==0.17.4
    # via pyinstaller
packaging==24.1
    # via pyinstaller
    # via pyinstaller-hooks-contrib
pyinstaller==6.10.0
    # via basic-android
pyinstaller-hooks-contrib==2024.8
    # via pyinstaller
setuptools==72.2.0
    # via pyinstaller
    # via pyinstaller-hooks-contrib
ujson==5.10.0
    # via basic-android
